{
  "name": "hydesearch",
  "version": "0.1.6",
  "lockfileVersion": 2,
  "requires": true,
  "packages": {
    "": {
      "name": "hydesearch",
      "version": "0.1.6",
      "license": "MIT",
      "devDependencies": {
        "typescript": "^4.7.2",
        "uglify-js": "^3.15.4"
      }
    },
    "node_modules/typescript": {
      "version": "4.7.2",
      "resolved": "https://registry.npmjs.org/typescript/-/typescript-4.7.2.tgz",
      "integrity": "sha512-Mamb1iX2FDUpcTRzltPxgWMKy3fhg0TN378ylbktPGPK/99KbDtMQ4W1hwgsbPAsG3a0xKa1vmw4VKZQbkvz5A==",
      "dev": true,
      "bin": {
        "tsc": "bin/tsc",
        "tsserver": "bin/tsserver"
      },
      "engines": {
        "node": ">=4.2.0"
      }
    },
    "node_modules/uglify-js": {
      "version": "3.15.5",
      "resolved": "https://registry.npmjs.org/uglify-js/-/uglify-js-3.15.5.tgz",
      "integrity": "sha512-hNM5q5GbBRB5xB+PMqVRcgYe4c8jbyZ1pzZhS6jbq54/4F2gFK869ZheiE5A8/t+W5jtTNpWef/5Q9zk639FNQ==",
      "dev": true,
      "bin": {
        "uglifyjs": "bin/uglifyjs"
      },
      "engines": {
        "node": ">=0.8.0"
      }
    }
  },
  "dependencies": {
    "typescript": {
      "version": "4.7.2",
      "resolved": "https://registry.npmjs.org/typescript/-/typescript-4.7.2.tgz",
      "integrity": "sha512-Mamb1iX2FDUpcTRzltPxgWMKy3fhg0TN378ylbktPGPK/99KbDtMQ4W1hwgsbPAsG3a0xKa1vmw4VKZQbkvz5A==",
      "dev": true
    },
    "uglify-js": {
      "version": "3.15.5",
      "resolved": "https://registry.npmjs.org/uglify-js/-/uglify-js-3.15.5.tgz",
      "integrity": "sha512-hNM5q5GbBRB5xB+PMqVRcgYe4c8jbyZ1pzZhS6jbq54/4F2gFK869ZheiE5A8/t+W5jtTNpWef/5Q9zk639FNQ==",
      "dev": true
    }
  }
}
